// !$*UTF8*$!
{
	archiveVersion = 1;
	classes = {
	};
	objectVersion = 50;
	objects = {

/* Begin PBXBuildFile section */
		8A62D0D5211BEEC1001FAF99 /* AppDelegate.swift in Sources */ = {isa = PBXBuildFile; fileRef = 8A62D0D4211BEEC1001FAF99 /* AppDelegate.swift */; };
		8A62D0D7211BEEC1001FAF99 /* ViewController.swift in Sources */ = {isa = PBXBuildFile; fileRef = 8A62D0D6211BEEC1001FAF99 /* ViewController.swift */; };
		8A62D0DA211BEEC1001FAF99 /* Main.storyboard in Resources */ = {isa = PBXBuildFile; fileRef = 8A62D0D8211BEEC1001FAF99 /* Main.storyboard */; };
		8A62D0DC211BEEC5001FAF99 /* Assets.xcassets in Resources */ = {isa = PBXBuildFile; fileRef = 8A62D0DB211BEEC5001FAF99 /* Assets.xcassets */; };
		8A62D0DF211BEEC5001FAF99 /* LaunchScreen.storyboard in Resources */ = {isa = PBXBuildFile; fileRef = 8A62D0DD211BEEC5001FAF99 /* LaunchScreen.storyboard */; };
		8A62D0EA211BEEC5001FAF99 /* MerPayAssignmentTests.swift in Sources */ = {isa = PBXBuildFile; fileRef = 8A62D0E9211BEEC5001FAF99 /* MerPayAssignmentTests.swift */; };
/* End PBXBuildFile section */

/* Begin PBXContainerItemProxy section */
		8A62D0E6211BEEC5001FAF99 /* PBXContainerItemProxy */ = {
			isa = PBXContainerItemProxy;
			containerPortal = 8A62D0C9211BEEC1001FAF99 /* Project object */;
			proxyType = 1;
			remoteGlobalIDString = 8A62D0D0211BEEC1001FAF99;
			remoteInfo = MerPayAssignment;
		};
/* End PBXContainerItemProxy section */

/* Begin PBXFileReference section */
		8A62D0D1211BEEC1001FAF99 /* MerPayAssignment.app */ = {isa = PBXFileReference; explicitFileType = wrapper.application; includeInIndex = 0; path = MerPayAssignment.app; sourceTree = BUILT_PRODUCTS_DIR; };
		8A62D0D4211BEEC1001FAF99 /* AppDelegate.swift */ = {isa = PBXFileReference; lastKnownFileType = sourcecode.swift; path = AppDelegate.swift; sourceTree = "<group>"; };
		8A62D0D6211BEEC1001FAF99 /* ViewController.swift */ = {isa = PBXFileReference; lastKnownFileType = sourcecode.swift; path = ViewController.swift; sourceTree = "<group>"; };
		8A62D0D9211BEEC1001FAF99 /* Base */ = {isa = PBXFileReference; lastKnownFileType = file.storyboard; name = Base; path = Base.lproj/Main.storyboard; sourceTree = "<group>"; };
		8A62D0DB211BEEC5001FAF99 /* Assets.xcassets */ = {isa = PBXFileReference; lastKnownFileType = folder.assetcatalog; path = Assets.xcassets; sourceTree = "<group>"; };
		8A62D0DE211BEEC5001FAF99 /* Base */ = {isa = PBXFileReference; lastKnownFileType = file.storyboard; name = Base; path = Base.lproj/LaunchScreen.storyboard; sourceTree = "<group>"; };
		8A62D0E0211BEEC5001FAF99 /* Info.plist */ = {isa = PBXFileReference; lastKnownFileType = text.plist.xml; path = Info.plist; sourceTree = "<group>"; };
		8A62D0E5211BEEC5001FAF99 /* MerPayAssignmentTests.xctest */ = {isa = PBXFileReference; explicitFileType = wrapper.cfbundle; includeInIndex = 0; path = MerPayAssignmentTests.xctest; sourceTree = BUILT_PRODUCTS_DIR; };
		8A62D0E9211BEEC5001FAF99 /* MerPayAssignmentTests.swift */ = {isa = PBXFileReference; lastKnownFileType = sourcecode.swift; path = MerPayAssignmentTests.swift; sourceTree = "<group>"; };
		8A62D0EB211BEEC5001FAF99 /* Info.plist */ = {isa = PBXFileReference; lastKnownFileType = text.plist.xml; path = Info.plist; sourceTree = "<group>"; };
/* End PBXFileReference section */

/* Begin PBXFrameworksBuildPhase section */
		8A62D0CE211BEEC1001FAF99 /* Frameworks */ = {
			isa = PBXFrameworksBuildPhase;
			buildActionMask = 2147483647;
			files = (
			);
			runOnlyForDeploymentPostprocessing = 0;
		};
		8A62D0E2211BEEC5001FAF99 /* Frameworks */ = {
			isa = PBXFrameworksBuildPhase;
			buildActionMask = 2147483647;
			files = (
			);
			runOnlyForDeploymentPostprocessing = 0;
		};
/* End PBXFrameworksBuildPhase section */

/* Begin PBXGroup section */
		8A62D0C8211BEEC1001FAF99 = {
			isa = PBXGroup;
			children = (
				8A62D0D3211BEEC1001FAF99 /* MerPayAssignment */,
				8A62D0E8211BEEC5001FAF99 /* MerPayAssignmentTests */,
				8A62D0D2211BEEC1001FAF99 /* Products */,
			);
			sourceTree = "<group>";
		};
		8A62D0D2211BEEC1001FAF99 /* Products */ = {
			isa = PBXGroup;
			children = (
				8A62D0D1211BEEC1001FAF99 /* MerPayAssignment.app */,
				8A62D0E5211BEEC5001FAF99 /* MerPayAssignmentTests.xctest */,
			);
			name = Products;
			sourceTree = "<group>";
		};
		8A62D0D3211BEEC1001FAF99 /* MerPayAssignment */ = {
			isa = PBXGroup;
			children = (
				8A62D0D4211BEEC1001FAF99 /* AppDelegate.swift */,
				8A62D0D6211BEEC1001FAF99 /* ViewController.swift */,
				8A62D0D8211BEEC1001FAF99 /* Main.storyboard */,
				8A62D0DB211BEEC5001FAF99 /* Assets.xcassets */,
				8A62D0DD211BEEC5001FAF99 /* LaunchScreen.storyboard */,
				8A62D0E0211BEEC5001FAF99 /* Info.plist */,
			);
			path = MerPayAssignment;
			sourceTree = "<group>";
		};
		8A62D0E8211BEEC5001FAF99 /* MerPayAssignmentTests */ = {
			isa = PBXGroup;
			children = (
				8A62D0E9211BEEC5001FAF99 /* MerPayAssignmentTests.swift */,
				8A62D0EB211BEEC5001FAF99 /* Info.plist */,
			);
			path = MerPayAssignmentTests;
			sourceTree = "<group>";
		};
/* End PBXGroup section */

/* Begin PBXNativeTarget section */
		8A62D0D0211BEEC1001FAF99 /* MerPayAssignment */ = {
			isa = PBXNativeTarget;
			buildConfigurationList = 8A62D0EE211BEEC5001FAF99 /* Build configuration list for PBXNativeTarget "MerPayAssignment" */;
			buildPhases = (
				8A62D0CD211BEEC1001FAF99 /* Sources */,
				8A62D0CE211BEEC1001FAF99 /* Frameworks */,
				8A62D0CF211BEEC1001FAF99 /* Resources */,
			);
			buildRules = (
			);
			dependencies = (
			);
			name = MerPayAssignment;
			productName = MerPayAssignment;
			productReference = 8A62D0D1211BEEC1001FAF99 /* MerPayAssignment.app */;
			productType = "com.apple.product-type.application";
		};
		8A62D0E4211BEEC5001FAF99 /* MerPayAssignmentTests */ = {
			isa = PBXNativeTarget;
			buildConfigurationList = 8A62D0F1211BEEC5001FAF99 /* Build configuration list for PBXNativeTarget "MerPayAssignmentTests" */;
			buildPhases = (
				8A62D0E1211BEEC5001FAF99 /* Sources */,
				8A62D0E2211BEEC5001FAF99 /* Frameworks */,
				8A62D0E3211BEEC5001FAF99 /* Resources */,
			);
			buildRules = (
			);
			dependencies = (
				8A62D0E7211BEEC5001FAF99 /* PBXTargetDependency */,
			);
			name = MerPayAssignmentTests;
			productName = MerPayAssignmentTests;
			productReference = 8A62D0E5211BEEC5001FAF99 /* MerPayAssignmentTests.xctest */;
			productType = "com.apple.product-type.bundle.unit-test";
		};
/* End PBXNativeTarget section */

/* Begin PBXProject section */
		8A62D0C9211BEEC1001FAF99 /* Project object */ = {
			isa = PBXProject;
			attributes = {
				LastSwiftUpdateCheck = 0930;
				LastUpgradeCheck = 0930;
				ORGANIZATIONNAME = "Shailesh Aher";
				TargetAttributes = {
					8A62D0D0211BEEC1001FAF99 = {
						CreatedOnToolsVersion = 9.3;
					};
					8A62D0E4211BEEC5001FAF99 = {
						CreatedOnToolsVersion = 9.3;
						TestTargetID = 8A62D0D0211BEEC1001FAF99;
					};
				};
			};
			buildConfigurationList = 8A62D0CC211BEEC1001FAF99 /* Build configuration list for PBXProject "MerPayAssignment" */;
			compatibilityVersion = "Xcode 9.3";
			developmentRegion = en;
			hasScannedForEncodings = 0;
			knownRegions = (
				en,
				Base,
			);
			mainGroup = 8A62D0C8211BEEC1001FAF99;
			productRefGroup = 8A62D0D2211BEEC1001FAF99 /* Products */;
			projectDirPath = "";
			projectRoot = "";
			targets = (
				8A62D0D0211BEEC1001FAF99 /* MerPayAssignment */,
				8A62D0E4211BEEC5001FAF99 /* MerPayAssignmentTests */,
			);
		};
/* End PBXProject section */

/* Begin PBXResourcesBuildPhase section */
		8A62D0CF211BEEC1001FAF99 /* Resources */ = {
			isa = PBXResourcesBuildPhase;
			buildActionMask = 2147483647;
			files = (
				8A62D0DF211BEEC5001FAF99 /* LaunchScreen.storyboard in Resources */,
				8A62D0DC211BEEC5001FAF99 /* Assets.xcassets in Resources */,
				8A62D0DA211BEEC1001FAF99 /* Main.storyboard in Resources */,
			);
			runOnlyForDeploymentPostprocessing = 0;
		};
		8A62D0E3211BEEC5001FAF99 /* Resources */ = {
			isa = PBXResourcesBuildPhase;
			buildActionMask = 2147483647;
			files = (
			);
			runOnlyForDeploymentPostprocessing = 0;
		};
/* End PBXResourcesBuildPhase section */

/* Begin PBXSourcesBuildPhase section */
		8A62D0CD211BEEC1001FAF99 /* Sources */ = {
			isa = PBXSourcesBuildPhase;
			buildActionMask = 2147483647;
			files = (
				8A62D0D7211BEEC1001FAF99 /* ViewController.swift in Sources */,
				8A62D0D5211BEEC1001FAF99 /* AppDelegate.swift in Sources */,
			);
			runOnlyForDeploymentPostprocessing = 0;
		};
		8A62D0E1211BEEC5001FAF99 /* Sources */ = {
			isa = PBXSourcesBuildPhase;
			buildActionMask = 2147483647;
			files = (
				8A62D0EA211BEEC5001FAF99 /* MerPayAssignmentTests.swift in Sources */,
			);
			runOnlyForDeploymentPostprocessing = 0;
		};
/* End PBXSourcesBuildPhase section */

/* Begin PBXTargetDependency section */
		8A62D0E7211BEEC5001FAF99 /* PBXTargetDependency */ = {
			isa = PBXTargetDependency;
			target = 8A62D0D0211BEEC1001FAF99 /* MerPayAssignment */;
			targetProxy = 8A62D0E6211BEEC5001FAF99 /* PBXContainerItemProxy */;
		};
/* End PBXTargetDependency section */

/* Begin PBXVariantGroup section */
		8A62D0D8211BEEC1001FAF99 /* Main.storyboard */ = {
			isa = PBXVariantGroup;
			children = (
				8A62D0D9211BEEC1001FAF99 /* Base */,
			);
			name = Main.storyboard;
			sourceTree = "<group>";
		};
		8A62D0DD211BEEC5001FAF99 /* LaunchScreen.storyboard */ = {
			isa = PBXVariantGroup;
			children = (
				8A62D0DE211BEEC5001FAF99 /* Base */,
			);
			name = LaunchScreen.storyboard;
			sourceTree = "<group>";
		};
/* End PBXVariantGroup section */

/* Begin XCBuildConfiguration section */
		8A62D0EC211BEEC5001FAF99 /* Debug */ = {
			isa = XCBuildConfiguration;
			buildSettings = {
				ALWAYS_SEARCH_USER_PATHS = NO;
				CLANG_ANALYZER_NONNULL = YES;
				CLANG_ANALYZER_NUMBER_OBJECT_CONVERSION = YES_AGGRESSIVE;
				CLANG_CXX_LANGUAGE_STANDARD = "gnu++14";
				CLANG_CXX_LIBRARY = "libc++";
				CLANG_ENABLE_MODULES = YES;
				CLANG_ENABLE_OBJC_ARC = YES;
				CLANG_ENABLE_OBJC_WEAK = YES;
				CLANG_WARN_BLOCK_CAPTURE_AUTORELEASING = YES;
				CLANG_WARN_BOOL_CONVERSION = YES;
				CLANG_WARN_COMMA = YES;
				CLANG_WARN_CONSTANT_CONVERSION = YES;
				CLANG_WARN_DEPRECATED_OBJC_IMPLEMENTATIONS = YES;
				CLANG_WARN_DIRECT_OBJC_ISA_USAGE = YES_ERROR;
				CLANG_WARN_DOCUMENTATION_COMMENTS = YES;
				CLANG_WARN_EMPTY_BODY = YES;
				CLANG_WARN_ENUM_CONVERSION = YES;
				CLANG_WARN_INFINITE_RECURSION = YES;
				CLANG_WARN_INT_CONVERSION = YES;
				CLANG_WARN_NON_LITERAL_NULL_CONVERSION = YES;
				CLANG_WARN_OBJC_IMPLICIT_RETAIN_SELF = YES;
				CLANG_WARN_OBJC_LITERAL_CONVERSION = YES;
				CLANG_WARN_OBJC_ROOT_CLASS = YES_ERROR;
				CLANG_WARN_RANGE_LOOP_ANALYSIS = YES;
				CLANG_WARN_STRICT_PROTOTYPES = YES;
				CLANG_WARN_SUSPICIOUS_MOVE = YES;
				CLANG_WARN_UNGUARDED_AVAILABILITY = YES_AGGRESSIVE;
				CLANG_WARN_UNREACHABLE_CODE = YES;
				CLANG_WARN__DUPLICATE_METHOD_MATCH = YES;
				CODE_SIGN_IDENTITY = "iPhone Developer";
				COPY_PHASE_STRIP = NO;
				DEBUG_INFORMATION_FORMAT = dwarf;
				ENABLE_STRICT_OBJC_MSGSEND = YES;
				ENABLE_TESTABILITY = YES;
				GCC_C_LANGUAGE_STANDARD = gnu11;
				GCC_DYNAMIC_NO_PIC = NO;
				GCC_NO_COMMON_BLOCKS = YES;
				GCC_OPTIMIZATION_LEVEL = 0;
				GCC_PREPROCESSOR_DEFINITIONS = (
					"DEBUG=1",
					"$(inherited)",
				);
				GCC_WARN_64_TO_32_BIT_CONVERSION = YES;
				GCC_WARN_ABOUT_RETURN_TYPE = YES_ERROR;
				GCC_WARN_UNDECLARED_SELECTOR = YES;
				GCC_WARN_UNINITIALIZED_AUTOS = YES_AGGRESSIVE;
				GCC_WARN_UNUSED_FUNCTION = YES;
				GCC_WARN_UNUSED_VARIABLE = YES;
				IPHONEOS_DEPLOYMENT_TARGET = 11.3;
				MTL_ENABLE_DEBUG_INFO = YES;
				ONLY_ACTIVE_ARCH = YES;
				SDKROOT = iphoneos;
				SWIFT_ACTIVE_COMPILATION_CONDITIONS = DEBUG;
				SWIFT_OPTIMIZATION_LEVEL = "-Onone";
			};
			name = Debug;
		};
		8A62D0ED211BEEC5001FAF99 /* Release */ = {
			isa = XCBuildConfiguration;
			buildSettings = {
				ALWAYS_SEARCH_USER_PATHS = NO;
				CLANG_ANALYZER_NONNULL = YES;
				CLANG_ANALYZER_NUMBER_OBJECT_CONVERSION = YES_AGGRESSIVE;
				CLANG_CXX_LANGUAGE_STANDARD = "gnu++14";
				CLANG_CXX_LIBRARY = "libc++";
				CLANG_ENABLE_MODULES = YES;
				CLANG_ENABLE_OBJC_ARC = YES;
				CLANG_ENABLE_OBJC_WEAK = YES;
				CLANG_WARN_BLOCK_CAPTURE_AUTORELEASING = YES;
				CLANG_WARN_BOOL_CONVERSION = YES;
				CLANG_WARN_COMMA = YES;
				CLANG_WARN_CONSTANT_CONVERSION = YES;
				CLANG_WARN_DEPRECATED_OBJC_IMPLEMENTATIONS = YES;
				CLANG_WARN_DIRECT_OBJC_ISA_USAGE = YES_ERROR;
				CLANG_WARN_DOCUMENTATION_COMMENTS = YES;
				CLANG_WARN_EMPTY_BODY = YES;
				CLANG_WARN_ENUM_CONVERSION = YES;
				CLANG_WARN_INFINITE_RECURSION = YES;
				CLANG_WARN_INT_CONVERSION = YES;
				CLANG_WARN_NON_LITERAL_NULL_CONVERSION = YES;
				CLANG_WARN_OBJC_IMPLICIT_RETAIN_SELF = YES;
				CLANG_WARN_OBJC_LITERAL_CONVERSION = YES;
				CLANG_WARN_OBJC_ROOT_CLASS = YES_ERROR;
				CLANG_WARN_RANGE_LOOP_ANALYSIS = YES;
				CLANG_WARN_STRICT_PROTOTYPES = YES;
				CLANG_WARN_SUSPICIOUS_MOVE = YES;
				CLANG_WARN_UNGUARDED_AVAILABILITY = YES_AGGRESSIVE;
				CLANG_WARN_UNREACHABLE_CODE = YES;
				CLANG_WARN__DUPLICATE_METHOD_MATCH = YES;
				CODE_SIGN_IDENTITY = "iPhone Developer";
				COPY_PHASE_STRIP = NO;
				DEBUG_INFORMATION_FORMAT = "dwarf-with-dsym";
				ENABLE_NS_ASSERTIONS = NO;
				ENABLE_STRICT_OBJC_MSGSEND = YES;
				GCC_C_LANGUAGE_STANDARD = gnu11;
				GCC_NO_COMMON_BLOCKS = YES;
				GCC_WARN_64_TO_32_BIT_CONVERSION = YES;
				GCC_WARN_ABOUT_RETURN_TYPE = YES_ERROR;
				GCC_WARN_UNDECLARED_SELECTOR = YES;
				GCC_WARN_UNINITIALIZED_AUTOS = YES_AGGRESSIVE;
				GCC_WARN_UNUSED_FUNCTION = YES;
				GCC_WARN_UNUSED_VARIABLE = YES;
				IPHONEOS_DEPLOYMENT_TARGET = 11.3;
				MTL_ENABLE_DEBUG_INFO = NO;
				SDKROOT = iphoneos;
				SWIFT_COMPILATION_MODE = wholemodule;
				SWIFT_OPTIMIZATION_LEVEL = "-O";
				VALIDATE_PRODUCT = YES;
			};
			name = Release;
		};
		8A62D0EF211BEEC5001FAF99 /* Debug */ = {
			isa = XCBuildConfiguration;
			buildSettings = {
				ASSETCATALOG_COMPILER_APPICON_NAME = AppIcon;
				CODE_SIGN_STYLE = Automatic;
				INFOPLIST_FILE = MerPayAssignment/Info.plist;
				LD_RUNPATH_SEARCH_PATHS = (
					"$(inherited)",
					"@executable_path/Frameworks",
				);
				PRODUCT_BUNDLE_IDENTIFIER = com.merpay.com.MerPayAssignment;
				PRODUCT_NAME = "$(TARGET_NAME)";
				SWIFT_VERSION = 4.0;
				TARGETED_DEVICE_FAMILY = "1,2";
			};
			name = Debug;
		};
		8A62D0F0211BEEC5001FAF99 /* Release */ = {
			isa = XCBuildConfiguration;
			buildSettings = {
				ASSETCATALOG_COMPILER_APPICON_NAME = AppIcon;
				CODE_SIGN_STYLE = Automatic;
				INFOPLIST_FILE = MerPayAssignment/Info.plist;
				LD_RUNPATH_SEARCH_PATHS = (
					"$(inherited)",
					"@executable_path/Frameworks",
				);
				PRODUCT_BUNDLE_IDENTIFIER = com.merpay.com.MerPayAssignment;
				PRODUCT_NAME = "$(TARGET_NAME)";
				SWIFT_VERSION = 4.0;
				TARGETED_DEVICE_FAMILY = "1,2";
			};
			name = Release;
		};
		8A62D0F2211BEEC5001FAF99 /* Debug */ = {
			isa = XCBuildConfiguration;
			buildSettings = {
				ALWAYS_EMBED_SWIFT_STANDARD_LIBRARIES = YES;
				BUNDLE_LOADER = "$(TEST_HOST)";
				CODE_SIGN_STYLE = Automatic;
				INFOPLIST_FILE = MerPayAssignmentTests/Info.plist;
				LD_RUNPATH_SEARCH_PATHS = (
					"$(inherited)",
					"@executable_path/Frameworks",
					"@loader_path/Frameworks",
				);
				PRODUCT_BUNDLE_IDENTIFIER = com.merpay.com.MerPayAssignmentTests;
				PRODUCT_NAME = "$(TARGET_NAME)";
				SWIFT_VERSION = 4.0;
				TARGETED_DEVICE_FAMILY = "1,2";
				TEST_HOST = "$(BUILT_PRODUCTS_DIR)/MerPayAssignment.app/MerPayAssignment";
			};
			name = Debug;
		};
		8A62D0F3211BEEC5001FAF99 /* Release */ = {
			isa = XCBuildConfiguration;
			buildSettings = {
				ALWAYS_EMBED_SWIFT_STANDARD_LIBRARIES = YES;
				BUNDLE_LOADER = "$(TEST_HOST)";
				CODE_SIGN_STYLE = Automatic;
				INFOPLIST_FILE = MerPayAssignmentTests/Info.plist;
				LD_RUNPATH_SEARCH_PATHS = (
					"$(inherited)",
					"@executable_path/Frameworks",
					"@loader_path/Frameworks",
				);
				PRODUCT_BUNDLE_IDENTIFIER = com.merpay.com.MerPayAssignmentTests;
				PRODUCT_NAME = "$(TARGET_NAME)";
				SWIFT_VERSION = 4.0;
				TARGETED_DEVICE_FAMILY = "1,2";
				TEST_HOST = "$(BUILT_PRODUCTS_DIR)/MerPayAssignment.app/MerPayAssignment";
			};
			name = Release;
		};
/* End XCBuildConfiguration section */

/* Begin XCConfigurationList section */
		8A62D0CC211BEEC1001FAF99 /* Build configuration list for PBXProject "MerPayAssignment" */ = {
			isa = XCConfigurationList;
			buildConfigurations = (
				8A62D0EC211BEEC5001FAF99 /* Debug */,
				8A62D0ED211BEEC5001FAF99 /* Release */,
			);
			defaultConfigurationIsVisible = 0;
			defaultConfigurationName = Release;
		};
		8A62D0EE211BEEC5001FAF99 /* Build configuration list for PBXNativeTarget "MerPayAssignment" */ = {
			isa = XCConfigurationList;
			buildConfigurations = (
				8A62D0EF211BEEC5001FAF99 /* Debug */,
				8A62D0F0211BEEC5001FAF99 /* Release */,
			);
			defaultConfigurationIsVisible = 0;
			defaultConfigurationName = Release;
		};
		8A62D0F1211BEEC5001FAF99 /* Build configuration list for PBXNativeTarget "MerPayAssignmentTests" */ = {
			isa = XCConfigurationList;
			buildConfigurations = (
				8A62D0F2211BEEC5001FAF99 /* Debug */,
				8A62D0F3211BEEC5001FAF99 /* Release */,
			);
			defaultConfigurationIsVisible = 0;
			defaultConfigurationName = Release;
		};
/* End XCConfigurationList section */
	};
	rootObject = 8A62D0C9211BEEC1001FAF99 /* Project object */;
}
